
Microsoft Visual Studio Solution File, Format Version 12.00
# Visual Studio 15
VisualStudioVersion = 15.0.27130.2010
MinimumVisualStudioVersion = 10.0.40219.1
Project("{FAE04EC0-301F-11D3-BF4B-00C04F79EFBC}") = "MVP_Weather", "MVP_Weather\MVP_Weather.csproj", "{52C0DE93-ABB0-4064-9003-C579B7496D40}"
EndProject
Global
	GlobalSection(SolutionConfigurationPlatforms) = preSolution
		Debug|Any CPU = Debug|Any CPU
		Release|Any CPU = Release|Any CPU
	EndGlobalSection
	GlobalSection(ProjectConfigurationPlatforms) = postSolution
		{52C0DE93-ABB0-4064-9003-C579B7496D40}.Debug|Any CPU.ActiveCfg = Debug|Any CPU
		{52C0DE93-ABB0-4064-9003-C579B7496D40}.Debug|Any CPU.Build.0 = Debug|Any CPU
		{52C0DE93-ABB0-4064-9003-C579B7496D40}.Release|Any CPU.ActiveCfg = Release|Any CPU
		{52C0DE93-ABB0-4064-9003-C579B7496D40}.Release|Any CPU.Build.0 = Release|Any CPU
	EndGlobalSection
	GlobalSection(SolutionProperties) = preSolution
		HideSolutionNode = FALSE
	EndGlobalSection
	GlobalSection(ExtensibilityGlobals) = postSolution
		SolutionGuid = {BDDAF33D-C2C0-4CCD-A63C-951939BAFB79}
	EndGlobalSection
EndGlobal
